
Microsoft Visual Studio Solution File, Format Version 12.00
# Visual Studio Version 16
VisualStudioVersion = 16.0.30114.105
MinimumVisualStudioVersion = 10.0.40219.1
Project("{FAE04EC0-301F-11D3-BF4B-00C04F79EFBC}") = "SOLID", "SOLID\SOLID.csproj", "{5CE43452-EEC1-47CC-A1B5-BC7891C605EB}"
EndProject
Global
	GlobalSection(SolutionConfigurationPlatforms) = preSolution
		Debug|Any CPU = Debug|Any CPU
		Release|Any CPU = Release|Any CPU
	EndGlobalSection
	GlobalSection(SolutionProperties) = preSolution
		HideSolutionNode = FALSE
	EndGlobalSection
	GlobalSection(ProjectConfigurationPlatforms) = postSolution
		{5CE43452-EEC1-47CC-A1B5-BC7891C605EB}.Debug|Any CPU.ActiveCfg = Debug|Any CPU
		{5CE43452-EEC1-47CC-A1B5-BC7891C605EB}.Debug|Any CPU.Build.0 = Debug|Any CPU
		{5CE43452-EEC1-47CC-A1B5-BC7891C605EB}.Release|Any CPU.ActiveCfg = Release|Any CPU
		{5CE43452-EEC1-47CC-A1B5-BC7891C605EB}.Release|Any CPU.Build.0 = Release|Any CPU
	EndGlobalSection
EndGlobal
